
Microsoft Visual Studio Solution File, Format Version 12.00
# Visual Studio 15
VisualStudioVersion = 15.0.27428.2037
MinimumVisualStudioVersion = 10.0.40219.1
Project("{2150E333-8FDC-42A3-9474-1A3956D46DE8}") = "src", "src", "{B79CD252-CEB6-4C9E-9EB8-1152C26AE088}"
EndProject
Project("{2150E333-8FDC-42A3-9474-1A3956D46DE8}") = "BuildingBlocks", "BuildingBlocks", "{F05C073F-8033-4450-BF0D-0515B6B3B90C}"
EndProject
Project("{2150E333-8FDC-42A3-9474-1A3956D46DE8}") = "EventBus", "EventBus", "{8B64CB63-B0AE-4EC0-875F-1A5DD72A5233}"
EndProject
Project("{9A19103F-16F7-4668-BE54-9A1E7A4F7556}") = "EventBusCommon", "src\BuildingBlocks\EventBus\EventBusCommon\EventBusCommon.csproj", "{6285E70E-21A6-4768-8ABA-81B725536587}"
EndProject
Project("{9A19103F-16F7-4668-BE54-9A1E7A4F7556}") = "EventBusRabbitMQ", "src\BuildingBlocks\EventBus\EventBusRabbitMQ\EventBusRabbitMQ.csproj", "{946385D7-EDD1-4FCA-BBE4-1A3F4A2DFDF0}"
EndProject
Project("{2150E333-8FDC-42A3-9474-1A3956D46DE8}") = "test", "test", "{EDB1830F-A5CD-48A4-AE8D-F724585A2680}"
EndProject
Project("{2150E333-8FDC-42A3-9474-1A3956D46DE8}") = "Services", "Services", "{96B84211-DDB0-452D-93BA-39DD237728BD}"
EndProject
Project("{2150E333-8FDC-42A3-9474-1A3956D46DE8}") = "UserCenter", "UserCenter", "{2CDDA534-E152-41D1-82AA-7D424C51B4C4}"
EndProject
Project("{2150E333-8FDC-42A3-9474-1A3956D46DE8}") = "Tms", "Tms", "{BA713726-9F0F-44C4-9BE7-C9518E142F08}"
EndProject
Project("{2150E333-8FDC-42A3-9474-1A3956D46DE8}") = "Permission", "Permission", "{F3C64528-5E03-4806-B2C3-4C8C3B105B21}"
EndProject
Project("{2150E333-8FDC-42A3-9474-1A3956D46DE8}") = "Common", "Common", "{80225BD1-9830-4B99-BA00-8F6FB5DD7A83}"
EndProject
Project("{9A19103F-16F7-4668-BE54-9A1E7A4F7556}") = "Zh.Common", "src\BuildingBlocks\Common\Zh.Common\Zh.Common.csproj", "{C5A356B0-F2CD-44AD-B7A0-9C8760CFAAD1}"
EndProject
Project("{FAE04EC0-301F-11D3-BF4B-00C04F79EFBC}") = "UserCenter.Api", "src\Services\UserCenter\UserCenter.Api\UserCenter.Api.csproj", "{C1147B46-E630-4895-9A16-05920F6D9246}"
EndProject
Project("{E53339B2-1760-4266-BCC7-CA923CBCF16C}") = "docker-compose", "docker-compose.dcproj", "{358603A7-0E1F-4FA9-B7E1-09C33B1532D5}"
EndProject
Project("{9A19103F-16F7-4668-BE54-9A1E7A4F7556}") = "UserCenter.Biz", "src\Services\UserCenter\UserCenter.Biz\UserCenter.Biz.csproj", "{A5C0CE5F-903E-4794-95AD-57839ACA0E84}"
EndProject
Project("{9A19103F-16F7-4668-BE54-9A1E7A4F7556}") = "UserCenter.Dal", "src\Services\UserCenter\UserCenter.Dal\UserCenter.Dal.csproj", "{2159D2B7-7957-4CAC-A04F-9D72501EC6EE}"
EndProject
Project("{9A19103F-16F7-4668-BE54-9A1E7A4F7556}") = "UserCenter.DTO", "src\Services\UserCenter\UserCenter.DTO\UserCenter.DTO.csproj", "{4C2D775D-291F-49ED-8313-3DBDD8EEA2C4}"
EndProject
Project("{9A19103F-16F7-4668-BE54-9A1E7A4F7556}") = "UserCenter.Model", "src\Services\UserCenter\UserCenter.Model\UserCenter.Model.csproj", "{FE0082B0-EED3-4F66-8482-530E26E25F1E}"
EndProject
Project("{FAE04EC0-301F-11D3-BF4B-00C04F79EFBC}") = "Permission.Api", "src\Services\Tms\Permission\Permission.Api\Permission.Api.csproj", "{B70C3539-249C-4CD0-BD4F-55F49EA33909}"
EndProject
Project("{9A19103F-16F7-4668-BE54-9A1E7A4F7556}") = "Permission.Biz", "src\Services\Tms\Permission\Permission.Biz\Permission.Biz.csproj", "{DED95CBA-652D-4513-ADEB-6EB8B3F4DC17}"
EndProject
Project("{FAE04EC0-301F-11D3-BF4B-00C04F79EFBC}") = "Permission.Dal", "src\Services\Tms\Permission\Permission.Dal\Permission.Dal.csproj", "{B3707ABC-4CAC-45CE-915A-19816E7B6AE3}"
EndProject
Project("{2150E333-8FDC-42A3-9474-1A3956D46DE8}") = "Location", "Location", "{9442B436-DF43-4753-9D74-92F1392B9F88}"
EndProject
Project("{FAE04EC0-301F-11D3-BF4B-00C04F79EFBC}") = "Location.Api", "src\Services\Tms\Location\Location.Api\Location.Api.csproj", "{F93798C0-E4F7-4F11-B292-A23A16165481}"
EndProject
Project("{FAE04EC0-301F-11D3-BF4B-00C04F79EFBC}") = "Location.Biz", "src\Services\Tms\Location\Location.Biz\Location.Biz.csproj", "{F43E96C0-142B-49A1-90EB-7F7575905EFF}"
EndProject
Project("{FAE04EC0-301F-11D3-BF4B-00C04F79EFBC}") = "Location.Dal", "src\Services\Tms\Location\Location.Dal\Location.Dal.csproj", "{5EB7E8D2-E17E-4C68-9EF8-F6A84EB83C9F}"
EndProject
Project("{FAE04EC0-301F-11D3-BF4B-00C04F79EFBC}") = "Location.Model", "src\Services\Tms\Location\Location.Model\Location.Model.csproj", "{019FAC46-6F78-4508-99E5-38D5E215FEB3}"
EndProject
Project("{FAE04EC0-301F-11D3-BF4B-00C04F79EFBC}") = "Location.DTO", "src\Services\Tms\Location\Location.DTO\Location.DTO.csproj", "{42818588-9142-4EFE-9959-4B2C410674AC}"
EndProject
Project("{9A19103F-16F7-4668-BE54-9A1E7A4F7556}") = "Permission.DTO", "src\Services\Tms\Permission\Permission.DTO\Permission.DTO.csproj", "{F40EC972-C0BE-4B52-865D-D1772E8CB391}"
EndProject
Project("{9A19103F-16F7-4668-BE54-9A1E7A4F7556}") = "Permission.Model", "src\Services\Tms\Permission\Permission.Model\Permission.Model.csproj", "{67337EC5-7FE3-413B-85D1-9B4EE53966F8}"
EndProject
Project("{2150E333-8FDC-42A3-9474-1A3956D46DE8}") = "Wms", "Wms", "{552EAA84-972D-4FB1-9382-5F5D970E61EA}"
EndProject
Project("{2150E333-8FDC-42A3-9474-1A3956D46DE8}") = "SolutionItems", "SolutionItems", "{7FFB2B8B-151E-4564-B2A2-3155CCC59CF4}"
	ProjectSection(SolutionItems) = preProject
		NuGet.config = NuGet.config
	EndProjectSection
EndProject
Project("{2150E333-8FDC-42A3-9474-1A3956D46DE8}") = "Web", "Web", "{C1787BE0-2B4F-4FF2-A077-79E19D74A335}"
EndProject
Project("{2150E333-8FDC-42A3-9474-1A3956D46DE8}") = "Mobile", "Mobile", "{3D637DC4-C2FD-4B12-B7E9-8AAF7E40D13F}"
EndProject
Global
	GlobalSection(SolutionConfigurationPlatforms) = preSolution
		Debug|Any CPU = Debug|Any CPU
		Release|Any CPU = Release|Any CPU
	EndGlobalSection
	GlobalSection(ProjectConfigurationPlatforms) = postSolution
		{6285E70E-21A6-4768-8ABA-81B725536587}.Debug|Any CPU.ActiveCfg = Debug|Any CPU
		{6285E70E-21A6-4768-8ABA-81B725536587}.Debug|Any CPU.Build.0 = Debug|Any CPU
		{6285E70E-21A6-4768-8ABA-81B725536587}.Release|Any CPU.ActiveCfg = Release|Any CPU
		{6285E70E-21A6-4768-8ABA-81B725536587}.Release|Any CPU.Build.0 = Release|Any CPU
		{946385D7-EDD1-4FCA-BBE4-1A3F4A2DFDF0}.Debug|Any CPU.ActiveCfg = Debug|Any CPU
		{946385D7-EDD1-4FCA-BBE4-1A3F4A2DFDF0}.Debug|Any CPU.Build.0 = Debug|Any CPU
		{946385D7-EDD1-4FCA-BBE4-1A3F4A2DFDF0}.Release|Any CPU.ActiveCfg = Release|Any CPU
		{946385D7-EDD1-4FCA-BBE4-1A3F4A2DFDF0}.Release|Any CPU.Build.0 = Release|Any CPU
		{C5A356B0-F2CD-44AD-B7A0-9C8760CFAAD1}.Debug|Any CPU.ActiveCfg = Debug|Any CPU
		{C5A356B0-F2CD-44AD-B7A0-9C8760CFAAD1}.Debug|Any CPU.Build.0 = Debug|Any CPU
		{C5A356B0-F2CD-44AD-B7A0-9C8760CFAAD1}.Release|Any CPU.ActiveCfg = Release|Any CPU
		{C5A356B0-F2CD-44AD-B7A0-9C8760CFAAD1}.Release|Any CPU.Build.0 = Release|Any CPU
		{C1147B46-E630-4895-9A16-05920F6D9246}.Debug|Any CPU.ActiveCfg = Debug|Any CPU
		{C1147B46-E630-4895-9A16-05920F6D9246}.Debug|Any CPU.Build.0 = Debug|Any CPU
		{C1147B46-E630-4895-9A16-05920F6D9246}.Release|Any CPU.ActiveCfg = Release|Any CPU
		{C1147B46-E630-4895-9A16-05920F6D9246}.Release|Any CPU.Build.0 = Release|Any CPU
		{358603A7-0E1F-4FA9-B7E1-09C33B1532D5}.Debug|Any CPU.ActiveCfg = Debug|Any CPU
		{358603A7-0E1F-4FA9-B7E1-09C33B1532D5}.Debug|Any CPU.Build.0 = Debug|Any CPU
		{358603A7-0E1F-4FA9-B7E1-09C33B1532D5}.Release|Any CPU.ActiveCfg = Release|Any CPU
		{358603A7-0E1F-4FA9-B7E1-09C33B1532D5}.Release|Any CPU.Build.0 = Release|Any CPU
		{A5C0CE5F-903E-4794-95AD-57839ACA0E84}.Debug|Any CPU.ActiveCfg = Debug|Any CPU
		{A5C0CE5F-903E-4794-95AD-57839ACA0E84}.Debug|Any CPU.Build.0 = Debug|Any CPU
		{A5C0CE5F-903E-4794-95AD-57839ACA0E84}.Release|Any CPU.ActiveCfg = Release|Any CPU
		{A5C0CE5F-903E-4794-95AD-57839ACA0E84}.Release|Any CPU.Build.0 = Release|Any CPU
		{2159D2B7-7957-4CAC-A04F-9D72501EC6EE}.Debug|Any CPU.ActiveCfg = Debug|Any CPU
		{2159D2B7-7957-4CAC-A04F-9D72501EC6EE}.Debug|Any CPU.Build.0 = Debug|Any CPU
		{2159D2B7-7957-4CAC-A04F-9D72501EC6EE}.Release|Any CPU.ActiveCfg = Release|Any CPU
		{2159D2B7-7957-4CAC-A04F-9D72501EC6EE}.Release|Any CPU.Build.0 = Release|Any CPU
		{4C2D775D-291F-49ED-8313-3DBDD8EEA2C4}.Debug|Any CPU.ActiveCfg = Debug|Any CPU
		{4C2D775D-291F-49ED-8313-3DBDD8EEA2C4}.Debug|Any CPU.Build.0 = Debug|Any CPU
		{4C2D775D-291F-49ED-8313-3DBDD8EEA2C4}.Release|Any CPU.ActiveCfg = Release|Any CPU
		{4C2D775D-291F-49ED-8313-3DBDD8EEA2C4}.Release|Any CPU.Build.0 = Release|Any CPU
		{FE0082B0-EED3-4F66-8482-530E26E25F1E}.Debug|Any CPU.ActiveCfg = Debug|Any CPU
		{FE0082B0-EED3-4F66-8482-530E26E25F1E}.Debug|Any CPU.Build.0 = Debug|Any CPU
		{FE0082B0-EED3-4F66-8482-530E26E25F1E}.Release|Any CPU.ActiveCfg = Release|Any CPU
		{FE0082B0-EED3-4F66-8482-530E26E25F1E}.Release|Any CPU.Build.0 = Release|Any CPU
		{B70C3539-249C-4CD0-BD4F-55F49EA33909}.Debug|Any CPU.ActiveCfg = Debug|Any CPU
		{B70C3539-249C-4CD0-BD4F-55F49EA33909}.Debug|Any CPU.Build.0 = Debug|Any CPU
		{B70C3539-249C-4CD0-BD4F-55F49EA33909}.Release|Any CPU.ActiveCfg = Release|Any CPU
		{B70C3539-249C-4CD0-BD4F-55F49EA33909}.Release|Any CPU.Build.0 = Release|Any CPU
		{DED95CBA-652D-4513-ADEB-6EB8B3F4DC17}.Debug|Any CPU.ActiveCfg = Debug|Any CPU
		{DED95CBA-652D-4513-ADEB-6EB8B3F4DC17}.Debug|Any CPU.Build.0 = Debug|Any CPU
		{DED95CBA-652D-4513-ADEB-6EB8B3F4DC17}.Release|Any CPU.ActiveCfg = Release|Any CPU
		{DED95CBA-652D-4513-ADEB-6EB8B3F4DC17}.Release|Any CPU.Build.0 = Release|Any CPU
		{B3707ABC-4CAC-45CE-915A-19816E7B6AE3}.Debug|Any CPU.ActiveCfg = Debug|Any CPU
		{B3707ABC-4CAC-45CE-915A-19816E7B6AE3}.Debug|Any CPU.Build.0 = Debug|Any CPU
		{B3707ABC-4CAC-45CE-915A-19816E7B6AE3}.Release|Any CPU.ActiveCfg = Release|Any CPU
		{B3707ABC-4CAC-45CE-915A-19816E7B6AE3}.Release|Any CPU.Build.0 = Release|Any CPU
		{F93798C0-E4F7-4F11-B292-A23A16165481}.Debug|Any CPU.ActiveCfg = Debug|Any CPU
		{F93798C0-E4F7-4F11-B292-A23A16165481}.Debug|Any CPU.Build.0 = Debug|Any CPU
		{F93798C0-E4F7-4F11-B292-A23A16165481}.Release|Any CPU.ActiveCfg = Release|Any CPU
		{F93798C0-E4F7-4F11-B292-A23A16165481}.Release|Any CPU.Build.0 = Release|Any CPU
		{F43E96C0-142B-49A1-90EB-7F7575905EFF}.Debug|Any CPU.ActiveCfg = Debug|Any CPU
		{F43E96C0-142B-49A1-90EB-7F7575905EFF}.Debug|Any CPU.Build.0 = Debug|Any CPU
		{F43E96C0-142B-49A1-90EB-7F7575905EFF}.Release|Any CPU.ActiveCfg = Release|Any CPU
		{F43E96C0-142B-49A1-90EB-7F7575905EFF}.Release|Any CPU.Build.0 = Release|Any CPU
		{5EB7E8D2-E17E-4C68-9EF8-F6A84EB83C9F}.Debug|Any CPU.ActiveCfg = Debug|Any CPU
		{5EB7E8D2-E17E-4C68-9EF8-F6A84EB83C9F}.Debug|Any CPU.Build.0 = Debug|Any CPU
		{5EB7E8D2-E17E-4C68-9EF8-F6A84EB83C9F}.Release|Any CPU.ActiveCfg = Release|Any CPU
		{5EB7E8D2-E17E-4C68-9EF8-F6A84EB83C9F}.Release|Any CPU.Build.0 = Release|Any CPU
		{019FAC46-6F78-4508-99E5-38D5E215FEB3}.Debug|Any CPU.ActiveCfg = Debug|Any CPU
		{019FAC46-6F78-4508-99E5-38D5E215FEB3}.Debug|Any CPU.Build.0 = Debug|Any CPU
		{019FAC46-6F78-4508-99E5-38D5E215FEB3}.Release|Any CPU.ActiveCfg = Release|Any CPU
		{019FAC46-6F78-4508-99E5-38D5E215FEB3}.Release|Any CPU.Build.0 = Release|Any CPU
		{42818588-9142-4EFE-9959-4B2C410674AC}.Debug|Any CPU.ActiveCfg = Debug|Any CPU
		{42818588-9142-4EFE-9959-4B2C410674AC}.Debug|Any CPU.Build.0 = Debug|Any CPU
		{42818588-9142-4EFE-9959-4B2C410674AC}.Release|Any CPU.ActiveCfg = Release|Any CPU
		{42818588-9142-4EFE-9959-4B2C410674AC}.Release|Any CPU.Build.0 = Release|Any CPU
		{F40EC972-C0BE-4B52-865D-D1772E8CB391}.Debug|Any CPU.ActiveCfg = Debug|Any CPU
		{F40EC972-C0BE-4B52-865D-D1772E8CB391}.Debug|Any CPU.Build.0 = Debug|Any CPU
		{F40EC972-C0BE-4B52-865D-D1772E8CB391}.Release|Any CPU.ActiveCfg = Release|Any CPU
		{F40EC972-C0BE-4B52-865D-D1772E8CB391}.Release|Any CPU.Build.0 = Release|Any CPU
		{67337EC5-7FE3-413B-85D1-9B4EE53966F8}.Debug|Any CPU.ActiveCfg = Debug|Any CPU
		{67337EC5-7FE3-413B-85D1-9B4EE53966F8}.Debug|Any CPU.Build.0 = Debug|Any CPU
		{67337EC5-7FE3-413B-85D1-9B4EE53966F8}.Release|Any CPU.ActiveCfg = Release|Any CPU
		{67337EC5-7FE3-413B-85D1-9B4EE53966F8}.Release|Any CPU.Build.0 = Release|Any CPU
	EndGlobalSection
	GlobalSection(SolutionProperties) = preSolution
		HideSolutionNode = FALSE
	EndGlobalSection
	GlobalSection(NestedProjects) = preSolution
		{F05C073F-8033-4450-BF0D-0515B6B3B90C} = {B79CD252-CEB6-4C9E-9EB8-1152C26AE088}
		{8B64CB63-B0AE-4EC0-875F-1A5DD72A5233} = {F05C073F-8033-4450-BF0D-0515B6B3B90C}
		{6285E70E-21A6-4768-8ABA-81B725536587} = {8B64CB63-B0AE-4EC0-875F-1A5DD72A5233}
		{946385D7-EDD1-4FCA-BBE4-1A3F4A2DFDF0} = {8B64CB63-B0AE-4EC0-875F-1A5DD72A5233}
		{96B84211-DDB0-452D-93BA-39DD237728BD} = {B79CD252-CEB6-4C9E-9EB8-1152C26AE088}
		{2CDDA534-E152-41D1-82AA-7D424C51B4C4} = {96B84211-DDB0-452D-93BA-39DD237728BD}
		{BA713726-9F0F-44C4-9BE7-C9518E142F08} = {96B84211-DDB0-452D-93BA-39DD237728BD}
		{F3C64528-5E03-4806-B2C3-4C8C3B105B21} = {BA713726-9F0F-44C4-9BE7-C9518E142F08}
		{80225BD1-9830-4B99-BA00-8F6FB5DD7A83} = {F05C073F-8033-4450-BF0D-0515B6B3B90C}
		{C5A356B0-F2CD-44AD-B7A0-9C8760CFAAD1} = {80225BD1-9830-4B99-BA00-8F6FB5DD7A83}
		{C1147B46-E630-4895-9A16-05920F6D9246} = {2CDDA534-E152-41D1-82AA-7D424C51B4C4}
		{A5C0CE5F-903E-4794-95AD-57839ACA0E84} = {2CDDA534-E152-41D1-82AA-7D424C51B4C4}
		{2159D2B7-7957-4CAC-A04F-9D72501EC6EE} = {2CDDA534-E152-41D1-82AA-7D424C51B4C4}
		{4C2D775D-291F-49ED-8313-3DBDD8EEA2C4} = {2CDDA534-E152-41D1-82AA-7D424C51B4C4}
		{FE0082B0-EED3-4F66-8482-530E26E25F1E} = {2CDDA534-E152-41D1-82AA-7D424C51B4C4}
		{B70C3539-249C-4CD0-BD4F-55F49EA33909} = {F3C64528-5E03-4806-B2C3-4C8C3B105B21}
		{DED95CBA-652D-4513-ADEB-6EB8B3F4DC17} = {F3C64528-5E03-4806-B2C3-4C8C3B105B21}
		{B3707ABC-4CAC-45CE-915A-19816E7B6AE3} = {F3C64528-5E03-4806-B2C3-4C8C3B105B21}
		{9442B436-DF43-4753-9D74-92F1392B9F88} = {BA713726-9F0F-44C4-9BE7-C9518E142F08}
		{F93798C0-E4F7-4F11-B292-A23A16165481} = {9442B436-DF43-4753-9D74-92F1392B9F88}
		{F43E96C0-142B-49A1-90EB-7F7575905EFF} = {9442B436-DF43-4753-9D74-92F1392B9F88}
		{5EB7E8D2-E17E-4C68-9EF8-F6A84EB83C9F} = {9442B436-DF43-4753-9D74-92F1392B9F88}
		{019FAC46-6F78-4508-99E5-38D5E215FEB3} = {9442B436-DF43-4753-9D74-92F1392B9F88}
		{42818588-9142-4EFE-9959-4B2C410674AC} = {9442B436-DF43-4753-9D74-92F1392B9F88}
		{F40EC972-C0BE-4B52-865D-D1772E8CB391} = {F3C64528-5E03-4806-B2C3-4C8C3B105B21}
		{67337EC5-7FE3-413B-85D1-9B4EE53966F8} = {F3C64528-5E03-4806-B2C3-4C8C3B105B21}
		{552EAA84-972D-4FB1-9382-5F5D970E61EA} = {96B84211-DDB0-452D-93BA-39DD237728BD}
		{C1787BE0-2B4F-4FF2-A077-79E19D74A335} = {B79CD252-CEB6-4C9E-9EB8-1152C26AE088}
		{3D637DC4-C2FD-4B12-B7E9-8AAF7E40D13F} = {B79CD252-CEB6-4C9E-9EB8-1152C26AE088}
	EndGlobalSection
	GlobalSection(ExtensibilityGlobals) = postSolution
		SolutionGuid = {11717DF9-57AB-4410-8FF0-10F7A4DB4FD0}
	EndGlobalSection
EndGlobal
